// !$*UTF8*$!
{
	archiveVersion = 1;
	classes = {
	};
	objectVersion = 56;
	objects = {

/* Begin PBXBuildFile section */
		81130E6B2979911900997FD7 /* AppDelegate.swift in Sources */ = {isa = PBXBuildFile; fileRef = 81130E6A2979911900997FD7 /* AppDelegate.swift */; };
		81130E6D2979911900997FD7 /* SceneDelegate.swift in Sources */ = {isa = PBXBuildFile; fileRef = 81130E6C2979911900997FD7 /* SceneDelegate.swift */; };
		81130E6F2979911900997FD7 /* ViewController.swift in Sources */ = {isa = PBXBuildFile; fileRef = 81130E6E2979911900997FD7 /* ViewController.swift */; };
		81130E722979911900997FD7 /* Main.storyboard in Resources */ = {isa = PBXBuildFile; fileRef = 81130E702979911900997FD7 /* Main.storyboard */; };
		81130E742979911A00997FD7 /* Assets.xcassets in Resources */ = {isa = PBXBuildFile; fileRef = 81130E732979911A00997FD7 /* Assets.xcassets */; };
		813002A529B0F01B007375AF /* TableViewController.swift in Sources */ = {isa = PBXBuildFile; fileRef = 813002A429B0F01B007375AF /* TableViewController.swift */; };
		813002A729B0FFF6007375AF /* DetailModalViewController.swift in Sources */ = {isa = PBXBuildFile; fileRef = 813002A629B0FFF6007375AF /* DetailModalViewController.swift */; };
		81306AFF29AF921C00D0EDA6 /* CoreDataListItem+CoreDataClass.swift in Sources */ = {isa = PBXBuildFile; fileRef = 81306AFD29AF921C00D0EDA6 /* CoreDataListItem+CoreDataClass.swift */; };
		81306B0029AF921C00D0EDA6 /* CoreDataListItem+CoreDataProperties.swift in Sources */ = {isa = PBXBuildFile; fileRef = 81306AFE29AF921C00D0EDA6 /* CoreDataListItem+CoreDataProperties.swift */; };
		8150CAF829BA2888005F9674 /* CustomTableViewCell.swift in Sources */ = {isa = PBXBuildFile; fileRef = 8150CAF729BA2888005F9674 /* CustomTableViewCell.swift */; };
		81B55D9729AF8FF900F11E1C /* idm362_thd44.xcdatamodeld in Sources */ = {isa = PBXBuildFile; fileRef = 81B55D9529AF8FF900F11E1C /* idm362_thd44.xcdatamodeld */; };
		81C5B65E29B00FDB0085B440 /* ModalViewController.swift in Sources */ = {isa = PBXBuildFile; fileRef = 81C5B65D29B00FDB0085B440 /* ModalViewController.swift */; };
/* End PBXBuildFile section */

/* Begin PBXFileReference section */
		81130E672979911900997FD7 /* idm362-thd44.app */ = {isa = PBXFileReference; explicitFileType = wrapper.application; includeInIndex = 0; path = "idm362-thd44.app"; sourceTree = BUILT_PRODUCTS_DIR; };
		81130E6A2979911900997FD7 /* AppDelegate.swift */ = {isa = PBXFileReference; lastKnownFileType = sourcecode.swift; path = AppDelegate.swift; sourceTree = "<group>"; };
		81130E6C2979911900997FD7 /* SceneDelegate.swift */ = {isa = PBXFileReference; lastKnownFileType = sourcecode.swift; path = SceneDelegate.swift; sourceTree = "<group>"; };
		81130E6E2979911900997FD7 /* ViewController.swift */ = {isa = PBXFileReference; lastKnownFileType = sourcecode.swift; path = ViewController.swift; sourceTree = "<group>"; };
		81130E712979911900997FD7 /* Base */ = {isa = PBXFileReference; lastKnownFileType = file.storyboard; name = Base; path = Base.lproj/Main.storyboard; sourceTree = "<group>"; };
		81130E732979911A00997FD7 /* Assets.xcassets */ = {isa = PBXFileReference; lastKnownFileType = folder.assetcatalog; path = Assets.xcassets; sourceTree = "<group>"; };
		81130E782979911A00997FD7 /* Info.plist */ = {isa = PBXFileReference; lastKnownFileType = text.plist.xml; path = Info.plist; sourceTree = "<group>"; };
		813002A429B0F01B007375AF /* TableViewController.swift */ = {isa = PBXFileReference; lastKnownFileType = sourcecode.swift; path = TableViewController.swift; sourceTree = "<group>"; };
		813002A629B0FFF6007375AF /* DetailModalViewController.swift */ = {isa = PBXFileReference; lastKnownFileType = sourcecode.swift; path = DetailModalViewController.swift; sourceTree = "<group>"; };
		81306AFD29AF921C00D0EDA6 /* CoreDataListItem+CoreDataClass.swift */ = {isa = PBXFileReference; lastKnownFileType = sourcecode.swift; path = "CoreDataListItem+CoreDataClass.swift"; sourceTree = "<group>"; };
		81306AFE29AF921C00D0EDA6 /* CoreDataListItem+CoreDataProperties.swift */ = {isa = PBXFileReference; lastKnownFileType = sourcecode.swift; path = "CoreDataListItem+CoreDataProperties.swift"; sourceTree = "<group>"; };
		8150CAF729BA2888005F9674 /* CustomTableViewCell.swift */ = {isa = PBXFileReference; lastKnownFileType = sourcecode.swift; path = CustomTableViewCell.swift; sourceTree = "<group>"; };
		81B55D9629AF8FF900F11E1C /* idm362_thd44.xcdatamodel */ = {isa = PBXFileReference; lastKnownFileType = wrapper.xcdatamodel; path = idm362_thd44.xcdatamodel; sourceTree = "<group>"; };
		81C5B65D29B00FDB0085B440 /* ModalViewController.swift */ = {isa = PBXFileReference; lastKnownFileType = sourcecode.swift; path = ModalViewController.swift; sourceTree = "<group>"; };
/* End PBXFileReference section */

/* Begin PBXFrameworksBuildPhase section */
		81130E642979911900997FD7 /* Frameworks */ = {
			isa = PBXFrameworksBuildPhase;
			buildActionMask = 2147483647;
			files = (
			);
			runOnlyForDeploymentPostprocessing = 0;
		};
/* End PBXFrameworksBuildPhase section */

/* Begin PBXGroup section */
		81130E5E2979911800997FD7 = {
			isa = PBXGroup;
			children = (
				81130E692979911900997FD7 /* idm362-thd44 */,
				81130E682979911900997FD7 /* Products */,
			);
			sourceTree = "<group>";
		};
		81130E682979911900997FD7 /* Products */ = {
			isa = PBXGroup;
			children = (
				81130E672979911900997FD7 /* idm362-thd44.app */,
			);
			name = Products;
			sourceTree = "<group>";
		};
		81130E692979911900997FD7 /* idm362-thd44 */ = {
			isa = PBXGroup;
			children = (
				81130E6A2979911900997FD7 /* AppDelegate.swift */,
				81130E6C2979911900997FD7 /* SceneDelegate.swift */,
				81130E6E2979911900997FD7 /* ViewController.swift */,
				81130E702979911900997FD7 /* Main.storyboard */,
				8150CAF729BA2888005F9674 /* CustomTableViewCell.swift */,
				813002A629B0FFF6007375AF /* DetailModalViewController.swift */,
				813002A429B0F01B007375AF /* TableViewController.swift */,
				81C5B65D29B00FDB0085B440 /* ModalViewController.swift */,
				81130E732979911A00997FD7 /* Assets.xcassets */,
				81130E782979911A00997FD7 /* Info.plist */,
				81306AFD29AF921C00D0EDA6 /* CoreDataListItem+CoreDataClass.swift */,
				81306AFE29AF921C00D0EDA6 /* CoreDataListItem+CoreDataProperties.swift */,
				81B55D9529AF8FF900F11E1C /* idm362_thd44.xcdatamodeld */,
			);
			path = "idm362-thd44";
			sourceTree = "<group>";
		};
/* End PBXGroup section */

/* Begin PBXNativeTarget section */
		81130E662979911900997FD7 /* idm362-thd44 */ = {
			isa = PBXNativeTarget;
			buildConfigurationList = 81130E7B2979911A00997FD7 /* Build configuration list for PBXNativeTarget "idm362-thd44" */;
			buildPhases = (
				81130E632979911900997FD7 /* Sources */,
				81130E642979911900997FD7 /* Frameworks */,
				81130E652979911900997FD7 /* Resources */,
			);
			buildRules = (
			);
			dependencies = (
			);
			name = "idm362-thd44";
			productName = "idm362-thd44";
			productReference = 81130E672979911900997FD7 /* idm362-thd44.app */;
			productType = "com.apple.product-type.application";
		};
/* End PBXNativeTarget section */

/* Begin PBXProject section */
		81130E5F2979911800997FD7 /* Project object */ = {
			isa = PBXProject;
			attributes = {
				BuildIndependentTargetsInParallel = 1;
				LastSwiftUpdateCheck = 1420;
				LastUpgradeCheck = 1420;
				TargetAttributes = {
					81130E662979911900997FD7 = {
						CreatedOnToolsVersion = 14.2;
					};
				};
			};
			buildConfigurationList = 81130E622979911800997FD7 /* Build configuration list for PBXProject "idm362-thd44" */;
			compatibilityVersion = "Xcode 14.0";
			developmentRegion = en;
			hasScannedForEncodings = 0;
			knownRegions = (
				en,
				Base,
			);
			mainGroup = 81130E5E2979911800997FD7;
			productRefGroup = 81130E682979911900997FD7 /* Products */;
			projectDirPath = "";
			projectRoot = "";
			targets = (
				81130E662979911900997FD7 /* idm362-thd44 */,
			);
		};
/* End PBXProject section */

/* Begin PBXResourcesBuildPhase section */
		81130E652979911900997FD7 /* Resources */ = {
			isa = PBXResourcesBuildPhase;
			buildActionMask = 2147483647;
			files = (
				81130E742979911A00997FD7 /* Assets.xcassets in Resources */,
				81130E722979911900997FD7 /* Main.storyboard in Resources */,
			);
			runOnlyForDeploymentPostprocessing = 0;
		};
/* End PBXResourcesBuildPhase section */

/* Begin PBXSourcesBuildPhase section */
		81130E632979911900997FD7 /* Sources */ = {
			isa = PBXSourcesBuildPhase;
			buildActionMask = 2147483647;
			files = (
				81130E6F2979911900997FD7 /* ViewController.swift in Sources */,
				813002A729B0FFF6007375AF /* DetailModalViewController.swift in Sources */,
				81306B0029AF921C00D0EDA6 /* CoreDataListItem+CoreDataProperties.swift in Sources */,
				81B55D9729AF8FF900F11E1C /* idm362_thd44.xcdatamodeld in Sources */,
				813002A529B0F01B007375AF /* TableViewController.swift in Sources */,
				81130E6B2979911900997FD7 /* AppDelegate.swift in Sources */,
				8150CAF829BA2888005F9674 /* CustomTableViewCell.swift in Sources */,
				81130E6D2979911900997FD7 /* SceneDelegate.swift in Sources */,
				81306AFF29AF921C00D0EDA6 /* CoreDataListItem+CoreDataClass.swift in Sources */,
				81C5B65E29B00FDB0085B440 /* ModalViewController.swift in Sources */,
			);
			runOnlyForDeploymentPostprocessing = 0;
		};
/* End PBXSourcesBuildPhase section */

/* Begin PBXVariantGroup section */
		81130E702979911900997FD7 /* Main.storyboard */ = {
			isa = PBXVariantGroup;
			children = (
				81130E712979911900997FD7 /* Base */,
			);
			name = Main.storyboard;
			sourceTree = "<group>";
		};
/* End PBXVariantGroup section */

/* Begin XCBuildConfiguration section */
		81130E792979911A00997FD7 /* Debug */ = {
			isa = XCBuildConfiguration;
			buildSettings = {
				ALWAYS_SEARCH_USER_PATHS = NO;
				CLANG_ANALYZER_NONNULL = YES;
				CLANG_ANALYZER_NUMBER_OBJECT_CONVERSION = YES_AGGRESSIVE;
				CLANG_CXX_LANGUAGE_STANDARD = "gnu++20";
				CLANG_ENABLE_MODULES = YES;
				CLANG_ENABLE_OBJC_ARC = YES;
				CLANG_ENABLE_OBJC_WEAK = YES;
				CLANG_WARN_BLOCK_CAPTURE_AUTORELEASING = YES;
				CLANG_WARN_BOOL_CONVERSION = YES;
				CLANG_WARN_COMMA = YES;
				CLANG_WARN_CONSTANT_CONVERSION = YES;
				CLANG_WARN_DEPRECATED_OBJC_IMPLEMENTATIONS = YES;
				CLANG_WARN_DIRECT_OBJC_ISA_USAGE = YES_ERROR;
				CLANG_WARN_DOCUMENTATION_COMMENTS = YES;
				CLANG_WARN_EMPTY_BODY = YES;
				CLANG_WARN_ENUM_CONVERSION = YES;
				CLANG_WARN_INFINITE_RECURSION = YES;
				CLANG_WARN_INT_CONVERSION = YES;
				CLANG_WARN_NON_LITERAL_NULL_CONVERSION = YES;
				CLANG_WARN_OBJC_IMPLICIT_RETAIN_SELF = YES;
				CLANG_WARN_OBJC_LITERAL_CONVERSION = YES;
				CLANG_WARN_OBJC_ROOT_CLASS = YES_ERROR;
				CLANG_WARN_QUOTED_INCLUDE_IN_FRAMEWORK_HEADER = YES;
				CLANG_WARN_RANGE_LOOP_ANALYSIS = YES;
				CLANG_WARN_STRICT_PROTOTYPES = YES;
				CLANG_WARN_SUSPICIOUS_MOVE = YES;
				CLANG_WARN_UNGUARDED_AVAILABILITY = YES_AGGRESSIVE;
				CLANG_WARN_UNREACHABLE_CODE = YES;
				CLANG_WARN__DUPLICATE_METHOD_MATCH = YES;
				COPY_PHASE_STRIP = NO;
				DEBUG_INFORMATION_FORMAT = dwarf;
				ENABLE_STRICT_OBJC_MSGSEND = YES;
				ENABLE_TESTABILITY = YES;
				GCC_C_LANGUAGE_STANDARD = gnu11;
				GCC_DYNAMIC_NO_PIC = NO;
				GCC_NO_COMMON_BLOCKS = YES;
				GCC_OPTIMIZATION_LEVEL = 0;
				GCC_PREPROCESSOR_DEFINITIONS = (
					"DEBUG=1",
					"$(inherited)",
				);
				GCC_WARN_64_TO_32_BIT_CONVERSION = YES;
				GCC_WARN_ABOUT_RETURN_TYPE = YES_ERROR;
				GCC_WARN_UNDECLARED_SELECTOR = YES;
				GCC_WARN_UNINITIALIZED_AUTOS = YES_AGGRESSIVE;
				GCC_WARN_UNUSED_FUNCTION = YES;
				GCC_WARN_UNUSED_VARIABLE = YES;
				IPHONEOS_DEPLOYMENT_TARGET = 16.2;
				MTL_ENABLE_DEBUG_INFO = INCLUDE_SOURCE;
				MTL_FAST_MATH = YES;
				ONLY_ACTIVE_ARCH = YES;
				SDKROOT = iphoneos;
				SWIFT_ACTIVE_COMPILATION_CONDITIONS = DEBUG;
				SWIFT_OPTIMIZATION_LEVEL = "-Onone";
			};
			name = Debug;
		};
		81130E7A2979911A00997FD7 /* Release */ = {
			isa = XCBuildConfiguration;
			buildSettings = {
				ALWAYS_SEARCH_USER_PATHS = NO;
				CLANG_ANALYZER_NONNULL = YES;
				CLANG_ANALYZER_NUMBER_OBJECT_CONVERSION = YES_AGGRESSIVE;
				CLANG_CXX_LANGUAGE_STANDARD = "gnu++20";
				CLANG_ENABLE_MODULES = YES;
				CLANG_ENABLE_OBJC_ARC = YES;
				CLANG_ENABLE_OBJC_WEAK = YES;
				CLANG_WARN_BLOCK_CAPTURE_AUTORELEASING = YES;
				CLANG_WARN_BOOL_CONVERSION = YES;
				CLANG_WARN_COMMA = YES;
				CLANG_WARN_CONSTANT_CONVERSION = YES;
				CLANG_WARN_DEPRECATED_OBJC_IMPLEMENTATIONS = YES;
				CLANG_WARN_DIRECT_OBJC_ISA_USAGE = YES_ERROR;
				CLANG_WARN_DOCUMENTATION_COMMENTS = YES;
				CLANG_WARN_EMPTY_BODY = YES;
				CLANG_WARN_ENUM_CONVERSION = YES;
				CLANG_WARN_INFINITE_RECURSION = YES;
				CLANG_WARN_INT_CONVERSION = YES;
				CLANG_WARN_NON_LITERAL_NULL_CONVERSION = YES;
				CLANG_WARN_OBJC_IMPLICIT_RETAIN_SELF = YES;
				CLANG_WARN_OBJC_LITERAL_CONVERSION = YES;
				CLANG_WARN_OBJC_ROOT_CLASS = YES_ERROR;
				CLANG_WARN_QUOTED_INCLUDE_IN_FRAMEWORK_HEADER = YES;
				CLANG_WARN_RANGE_LOOP_ANALYSIS = YES;
				CLANG_WARN_STRICT_PROTOTYPES = YES;
				CLANG_WARN_SUSPICIOUS_MOVE = YES;
				CLANG_WARN_UNGUARDED_AVAILABILITY = YES_AGGRESSIVE;
				CLANG_WARN_UNREACHABLE_CODE = YES;
				CLANG_WARN__DUPLICATE_METHOD_MATCH = YES;
				COPY_PHASE_STRIP = NO;
				DEBUG_INFORMATION_FORMAT = "dwarf-with-dsym";
				ENABLE_NS_ASSERTIONS = NO;
				ENABLE_STRICT_OBJC_MSGSEND = YES;
				GCC_C_LANGUAGE_STANDARD = gnu11;
				GCC_NO_COMMON_BLOCKS = YES;
				GCC_WARN_64_TO_32_BIT_CONVERSION = YES;
				GCC_WARN_ABOUT_RETURN_TYPE = YES_ERROR;
				GCC_WARN_UNDECLARED_SELECTOR = YES;
				GCC_WARN_UNINITIALIZED_AUTOS = YES_AGGRESSIVE;
				GCC_WARN_UNUSED_FUNCTION = YES;
				GCC_WARN_UNUSED_VARIABLE = YES;
				IPHONEOS_DEPLOYMENT_TARGET = 16.2;
				MTL_ENABLE_DEBUG_INFO = NO;
				MTL_FAST_MATH = YES;
				SDKROOT = iphoneos;
				SWIFT_COMPILATION_MODE = wholemodule;
				SWIFT_OPTIMIZATION_LEVEL = "-O";
				VALIDATE_PRODUCT = YES;
			};
			name = Release;
		};
		81130E7C2979911A00997FD7 /* Debug */ = {
			isa = XCBuildConfiguration;
			buildSettings = {
				ASSETCATALOG_COMPILER_APPICON_NAME = AppIcon;
				ASSETCATALOG_COMPILER_GLOBAL_ACCENT_COLOR_NAME = AccentColor;
				CODE_SIGN_STYLE = Automatic;
				CURRENT_PROJECT_VERSION = 1;
				GENERATE_INFOPLIST_FILE = YES;
				INFOPLIST_FILE = "idm362-thd44/Info.plist";
				INFOPLIST_KEY_CFBundleDisplayName = Lists;
				INFOPLIST_KEY_LSApplicationCategoryType = "public.app-category.productivity";
				INFOPLIST_KEY_UIApplicationSupportsIndirectInputEvents = YES;
				INFOPLIST_KEY_UILaunchStoryboardName = LaunchScreen;
				INFOPLIST_KEY_UIMainStoryboardFile = Main;
				INFOPLIST_KEY_UIStatusBarStyle = UIStatusBarStyleLightContent;
				INFOPLIST_KEY_UISupportedInterfaceOrientations = UIInterfaceOrientationPortrait;
				LD_RUNPATH_SEARCH_PATHS = (
					"$(inherited)",
					"@executable_path/Frameworks",
				);
				MARKETING_VERSION = 1.0;
				PRODUCT_BUNDLE_IDENTIFIER = "com.tynandrake-design.idm362-thd44";
				PRODUCT_NAME = "$(TARGET_NAME)";
				SWIFT_EMIT_LOC_STRINGS = YES;
				SWIFT_VERSION = 5.0;
				TARGETED_DEVICE_FAMILY = "1,2";
			};
			name = Debug;
		};
		81130E7D2979911A00997FD7 /* Release */ = {
			isa = XCBuildConfiguration;
			buildSettings = {
				ASSETCATALOG_COMPILER_APPICON_NAME = AppIcon;
				ASSETCATALOG_COMPILER_GLOBAL_ACCENT_COLOR_NAME = AccentColor;
				CODE_SIGN_STYLE = Automatic;
				CURRENT_PROJECT_VERSION = 1;
				GENERATE_INFOPLIST_FILE = YES;
				INFOPLIST_FILE = "idm362-thd44/Info.plist";
				INFOPLIST_KEY_CFBundleDisplayName = Lists;
				INFOPLIST_KEY_LSApplicationCategoryType = "public.app-category.productivity";
				INFOPLIST_KEY_UIApplicationSupportsIndirectInputEvents = YES;
				INFOPLIST_KEY_UILaunchStoryboardName = LaunchScreen;
				INFOPLIST_KEY_UIMainStoryboardFile = Main;
				INFOPLIST_KEY_UIStatusBarStyle = UIStatusBarStyleLightContent;
				INFOPLIST_KEY_UISupportedInterfaceOrientations = UIInterfaceOrientationPortrait;
				LD_RUNPATH_SEARCH_PATHS = (
					"$(inherited)",
					"@executable_path/Frameworks",
				);
				MARKETING_VERSION = 1.0;
				PRODUCT_BUNDLE_IDENTIFIER = "com.tynandrake-design.idm362-thd44";
				PRODUCT_NAME = "$(TARGET_NAME)";
				SWIFT_EMIT_LOC_STRINGS = YES;
				SWIFT_VERSION = 5.0;
				TARGETED_DEVICE_FAMILY = "1,2";
			};
			name = Release;
		};
/* End XCBuildConfiguration section */

/* Begin XCConfigurationList section */
		81130E622979911800997FD7 /* Build configuration list for PBXProject "idm362-thd44" */ = {
			isa = XCConfigurationList;
			buildConfigurations = (
				81130E792979911A00997FD7 /* Debug */,
				81130E7A2979911A00997FD7 /* Release */,
			);
			defaultConfigurationIsVisible = 0;
			defaultConfigurationName = Release;
		};
		81130E7B2979911A00997FD7 /* Build configuration list for PBXNativeTarget "idm362-thd44" */ = {
			isa = XCConfigurationList;
			buildConfigurations = (
				81130E7C2979911A00997FD7 /* Debug */,
				81130E7D2979911A00997FD7 /* Release */,
			);
			defaultConfigurationIsVisible = 0;
			defaultConfigurationName = Release;
		};
/* End XCConfigurationList section */

/* Begin XCVersionGroup section */
		81B55D9529AF8FF900F11E1C /* idm362_thd44.xcdatamodeld */ = {
			isa = XCVersionGroup;
			children = (
				81B55D9629AF8FF900F11E1C /* idm362_thd44.xcdatamodel */,
			);
			currentVersion = 81B55D9629AF8FF900F11E1C /* idm362_thd44.xcdatamodel */;
			name = idm362_thd44.xcdatamodeld;
			path = ../idm362_thd44.xcdatamodeld;
			sourceTree = "<group>";
			versionGroupType = wrapper.xcdatamodel;
		};
/* End XCVersionGroup section */
	};
	rootObject = 81130E5F2979911800997FD7 /* Project object */;
}
